// !$*UTF8*$!
{
	archiveVersion = 1;
	classes = {
	};
	objectVersion = 56;
	objects = {

/* Begin PBXBuildFile section */
		B711179E3002C3F500245273 /* OrderView.swift in Sources */ = {isa = PBXBuildFile; fileRef = B711179D3002C3F500245273 /* OrderView.swift */; };
		B71117A03002C4FD00245273 /* MenuCategory.swift in Sources */ = {isa = PBXBuildFile; fileRef = B711179F3002C4FD00245273 /* MenuCategory.swift */; };
		B71117A43002C51500245273 /* OrderItem.swift in Sources */ = {isa = PBXBuildFile; fileRef = B71117A33002C51500245273 /* OrderItem.swift */; };
		B71117AE3002C82400245273 /* Category.swift in Sources */ = {isa = PBXBuildFile; fileRef = B71117AD3002C82400245273 /* Category.swift */; };
		B71117B03002C83000245273 /* MenuItem.swift in Sources */ = {isa = PBXBuildFile; fileRef = B71117AF3002C83000245273 /* MenuItem.swift */; };
		B71117B23002C85500245273 /* SampleMenu.swift in Sources */ = {isa = PBXBuildFile; fileRef = B71117B13002C85500245273 /* SampleMenu.swift */; };
		B71117B43002C87600245273 /* MenuViewModel.swift in Sources */ = {isa = PBXBuildFile; fileRef = B71117B33002C87600245273 /* MenuViewModel.swift */; };
		B71117B63002C88500245273 /* MenuView.swift in Sources */ = {isa = PBXBuildFile; fileRef = B71117B53002C88500245273 /* MenuView.swift */; };
		B71117B930035DCD00245273 /* CategoryChip.swift in Sources */ = {isa = PBXBuildFile; fileRef = B71117B830035DCD00245273 /* CategoryChip.swift */; };
		B71117BB30035DFF00245273 /* CategoryBar.swift in Sources */ = {isa = PBXBuildFile; fileRef = B71117BA30035DFF00245273 /* CategoryBar.swift */; };
		B71117BD30035EAE00245273 /* VegIndicator.swift in Sources */ = {isa = PBXBuildFile; fileRef = B71117BC30035EAE00245273 /* VegIndicator.swift */; };
		B71117BF30035EE600245273 /* MenuItemRow.swift in Sources */ = {isa = PBXBuildFile; fileRef = B71117BE30035EE600245273 /* MenuItemRow.swift */; };
		B71117C130035F1100245273 /* MenuList.swift in Sources */ = {isa = PBXBuildFile; fileRef = B71117C030035F1100245273 /* MenuList.swift */; };
		B71117C33003608C00245273 /* Utilities.swift in Sources */ = {isa = PBXBuildFile; fileRef = B71117C23003608C00245273 /* Utilities.swift */; };
		B71117C5300361E500245273 /* Order.swift in Sources */ = {isa = PBXBuildFile; fileRef = B71117C4300361E500245273 /* Order.swift */; };
		B71117C7300362B300245273 /* OrderViewModel.swift in Sources */ = {isa = PBXBuildFile; fileRef = B71117C6300362B300245273 /* OrderViewModel.swift */; };
		B71117C930036A5B00245273 /* OrderItemCard.swift in Sources */ = {isa = PBXBuildFile; fileRef = B71117C830036A5B00245273 /* OrderItemCard.swift */; };
		B71117CB30036A7600245273 /* OrderSummary.swift in Sources */ = {isa = PBXBuildFile; fileRef = B71117CA30036A7600245273 /* OrderSummary.swift */; };
		B71117CD30036C2000245273 /* QuantityStepper.swift in Sources */ = {isa = PBXBuildFile; fileRef = B71117CC30036C2000245273 /* QuantityStepper.swift */; };
		B71117CF3003937000245273 /* BottomOrderBar.swift in Sources */ = {isa = PBXBuildFile; fileRef = B71117CE3003937000245273 /* BottomOrderBar.swift */; };
		B71117D1300395C200245273 /* OrderSheet.swift in Sources */ = {isa = PBXBuildFile; fileRef = B71117D0300395C200245273 /* OrderSheet.swift */; };
		B71117D3300399EA00245273 /* OrderItemRow.swift in Sources */ = {isa = PBXBuildFile; fileRef = B71117D2300399EA00245273 /* OrderItemRow.swift */; };
		B71117D53003A0B900245273 /* OrderTotalsView.swift in Sources */ = {isa = PBXBuildFile; fileRef = B71117D43003A0B900245273 /* OrderTotalsView.swift */; };
		B71117D73003C1D300245273 /* OrderActionBar.swift in Sources */ = {isa = PBXBuildFile; fileRef = B71117D63003C1D300245273 /* OrderActionBar.swift */; };
		B71117D93003C78400245273 /* OrderStatus.swift in Sources */ = {isa = PBXBuildFile; fileRef = B71117D83003C78400245273 /* OrderStatus.swift */; };
		B71117DC3003F3AC00245273 /* RestaurantStore.swift in Sources */ = {isa = PBXBuildFile; fileRef = B71117DB3003F3AC00245273 /* RestaurantStore.swift */; };
		B71117DF3003F42200245273 /* SampleTables.swift in Sources */ = {isa = PBXBuildFile; fileRef = B71117DE3003F42200245273 /* SampleTables.swift */; };
		B71117E23003F5C000245273 /* KitchenTicket.swift in Sources */ = {isa = PBXBuildFile; fileRef = B71117E13003F5C000245273 /* KitchenTicket.swift */; };
		B71117E53003F7A100245273 /* KitchenTicketStatus.swift in Sources */ = {isa = PBXBuildFile; fileRef = B71117E43003F7A100245273 /* KitchenTicketStatus.swift */; };
		B71117EA3003F87B00245273 /* KitchenViewModel.swift in Sources */ = {isa = PBXBuildFile; fileRef = B71117E93003F87B00245273 /* KitchenViewModel.swift */; };
		B71117ED3003F8D100245273 /* OrderService.swift in Sources */ = {isa = PBXBuildFile; fileRef = B71117EC3003F8D100245273 /* OrderService.swift */; };
		B71117EF3003F93B00245273 /* KitchenView.swift in Sources */ = {isa = PBXBuildFile; fileRef = B71117EE3003F93B00245273 /* KitchenView.swift */; };
		B71117F23003F96500245273 /* KitchenTicketCard.swift in Sources */ = {isa = PBXBuildFile; fileRef = B71117F13003F96500245273 /* KitchenTicketCard.swift */; };
		B71117F53003FB3A00245273 /* RootTabView.swift in Sources */ = {isa = PBXBuildFile; fileRef = B71117F43003FB3A00245273 /* RootTabView.swift */; };
		B71117F830076C2200245273 /* BillingView.swift in Sources */ = {isa = PBXBuildFile; fileRef = B71117F730076C2200245273 /* BillingView.swift */; };
		B71117FA30076C2F00245273 /* PaymentButton.swift in Sources */ = {isa = PBXBuildFile; fileRef = B71117F930076C2F00245273 /* PaymentButton.swift */; };
		B71117FC30076C3A00245273 /* BillItemRow.swift in Sources */ = {isa = PBXBuildFile; fileRef = B71117FB30076C3A00245273 /* BillItemRow.swift */; };
		B71117FF3007706500245273 /* PaymentMethod.swift in Sources */ = {isa = PBXBuildFile; fileRef = B71117FE3007706500245273 /* PaymentMethod.swift */; };
		B721C95E300293EC00C58487 /* DineFlowApp.swift in Sources */ = {isa = PBXBuildFile; fileRef = B721C95D300293EC00C58487 /* DineFlowApp.swift */; };
		B721C960300293EC00C58487 /* TablesView.swift in Sources */ = {isa = PBXBuildFile; fileRef = B721C95F300293EC00C58487 /* TablesView.swift */; };
		B721C962300293ED00C58487 /* Assets.xcassets in Resources */ = {isa = PBXBuildFile; fileRef = B721C961300293ED00C58487 /* Assets.xcassets */; };
		B721C965300293ED00C58487 /* Preview Assets.xcassets in Resources */ = {isa = PBXBuildFile; fileRef = B721C964300293ED00C58487 /* Preview Assets.xcassets */; };
		B721C96F300293ED00C58487 /* DineFlowTests.swift in Sources */ = {isa = PBXBuildFile; fileRef = B721C96E300293ED00C58487 /* DineFlowTests.swift */; };
		B721C979300293ED00C58487 /* DineFlowUITests.swift in Sources */ = {isa = PBXBuildFile; fileRef = B721C978300293ED00C58487 /* DineFlowUITests.swift */; };
		B721C97B300293ED00C58487 /* DineFlowUITestsLaunchTests.swift in Sources */ = {isa = PBXBuildFile; fileRef = B721C97A300293ED00C58487 /* DineFlowUITestsLaunchTests.swift */; };
		B721C9A03002960300C58487 /* AppSpacing.swift in Sources */ = {isa = PBXBuildFile; fileRef = B721C99F3002960300C58487 /* AppSpacing.swift */; };
		B721C9A53002966100C58487 /* AppRadius.swift in Sources */ = {isa = PBXBuildFile; fileRef = B721C9A43002966100C58487 /* AppRadius.swift */; };
		B721C9A9300296C900C58487 /* TableCard.swift in Sources */ = {isa = PBXBuildFile; fileRef = B721C9A8300296C900C58487 /* TableCard.swift */; };
		B721C9B030029C4A00C58487 /* AppTypography.swift in Sources */ = {isa = PBXBuildFile; fileRef = B721C9AF30029C4A00C58487 /* AppTypography.swift */; };
		B721C9B230029C6E00C58487 /* AppColor.swift in Sources */ = {isa = PBXBuildFile; fileRef = B721C9B130029C6E00C58487 /* AppColor.swift */; };
		B721C9B430029C9300C58487 /* StatusBadge.swift in Sources */ = {isa = PBXBuildFile; fileRef = B721C9B330029C9300C58487 /* StatusBadge.swift */; };
		B721C9B830029D3400C58487 /* PrimaryButton.swift in Sources */ = {isa = PBXBuildFile; fileRef = B721C9B730029D3400C58487 /* PrimaryButton.swift */; };
		B721C9BA30029D4300C58487 /* SearchBar.swift in Sources */ = {isa = PBXBuildFile; fileRef = B721C9B930029D4300C58487 /* SearchBar.swift */; };
		B721C9BC30029D4F00C58487 /* EmptyState.swift in Sources */ = {isa = PBXBuildFile; fileRef = B721C9BB30029D4F00C58487 /* EmptyState.swift */; };
		B721C9BE30029E1A00C58487 /* TableStatus.swift in Sources */ = {isa = PBXBuildFile; fileRef = B721C9BD30029E1A00C58487 /* TableStatus.swift */; };
		B721C9C030029E5400C58487 /* Table.swift in Sources */ = {isa = PBXBuildFile; fileRef = B721C9BF30029E5400C58487 /* Table.swift */; };
		B721C9C23002B10C00C58487 /* TablesViewModel.swift in Sources */ = {isa = PBXBuildFile; fileRef = B721C9C13002B10C00C58487 /* TablesViewModel.swift */; };
		B721C9C43002B6C800C58487 /* View+Shadow.swift in Sources */ = {isa = PBXBuildFile; fileRef = B721C9C33002B6C800C58487 /* View+Shadow.swift */; };
		B721C9C63002B72000C58487 /* View+CardStyle.swift in Sources */ = {isa = PBXBuildFile; fileRef = B721C9C53002B72000C58487 /* View+CardStyle.swift */; };
/* End PBXBuildFile section */

/* Begin PBXContainerItemProxy section */
		B721C96B300293ED00C58487 /* PBXContainerItemProxy */ = {
			isa = PBXContainerItemProxy;
			containerPortal = B721C952300293EC00C58487 /* Project object */;
			proxyType = 1;
			remoteGlobalIDString = B721C959300293EC00C58487;
			remoteInfo = DineFlow;
		};
		B721C975300293ED00C58487 /* PBXContainerItemProxy */ = {
			isa = PBXContainerItemProxy;
			containerPortal = B721C952300293EC00C58487 /* Project object */;
			proxyType = 1;
			remoteGlobalIDString = B721C959300293EC00C58487;
			remoteInfo = DineFlow;
		};
/* End PBXContainerItemProxy section */

/* Begin PBXFileReference section */
		B711179D3002C3F500245273 /* OrderView.swift */ = {isa = PBXFileReference; lastKnownFileType = sourcecode.swift; path = OrderView.swift; sourceTree = "<group>"; };
		B711179F3002C4FD00245273 /* MenuCategory.swift */ = {isa = PBXFileReference; lastKnownFileType = sourcecode.swift; path = MenuCategory.swift; sourceTree = "<group>"; };
		B71117A33002C51500245273 /* OrderItem.swift */ = {isa = PBXFileReference; lastKnownFileType = sourcecode.swift; path = OrderItem.swift; sourceTree = "<group>"; };
		B71117AD3002C82400245273 /* Category.swift */ = {isa = PBXFileReference; lastKnownFileType = sourcecode.swift; path = Category.swift; sourceTree = "<group>"; };
		B71117AF3002C83000245273 /* MenuItem.swift */ = {isa = PBXFileReference; lastKnownFileType = sourcecode.swift; path = MenuItem.swift; sourceTree = "<group>"; };
		B71117B13002C85500245273 /* SampleMenu.swift */ = {isa = PBXFileReference; lastKnownFileType = sourcecode.swift; path = SampleMenu.swift; sourceTree = "<group>"; };
		B71117B33002C87600245273 /* MenuViewModel.swift */ = {isa = PBXFileReference; lastKnownFileType = sourcecode.swift; path = MenuViewModel.swift; sourceTree = "<group>"; };
		B71117B53002C88500245273 /* MenuView.swift */ = {isa = PBXFileReference; lastKnownFileType = sourcecode.swift; path = MenuView.swift; sourceTree = "<group>"; };
		B71117B830035DCD00245273 /* CategoryChip.swift */ = {isa = PBXFileReference; lastKnownFileType = sourcecode.swift; path = CategoryChip.swift; sourceTree = "<group>"; };
		B71117BA30035DFF00245273 /* CategoryBar.swift */ = {isa = PBXFileReference; lastKnownFileType = sourcecode.swift; path = CategoryBar.swift; sourceTree = "<group>"; };
		B71117BC30035EAE00245273 /* VegIndicator.swift */ = {isa = PBXFileReference; lastKnownFileType = sourcecode.swift; path = VegIndicator.swift; sourceTree = "<group>"; };
		B71117BE30035EE600245273 /* MenuItemRow.swift */ = {isa = PBXFileReference; lastKnownFileType = sourcecode.swift; path = MenuItemRow.swift; sourceTree = "<group>"; };
		B71117C030035F1100245273 /* MenuList.swift */ = {isa = PBXFileReference; lastKnownFileType = sourcecode.swift; path = MenuList.swift; sourceTree = "<group>"; };
		B71117C23003608C00245273 /* Utilities.swift */ = {isa = PBXFileReference; lastKnownFileType = sourcecode.swift; path = Utilities.swift; sourceTree = "<group>"; };
		B71117C4300361E500245273 /* Order.swift */ = {isa = PBXFileReference; lastKnownFileType = sourcecode.swift; path = Order.swift; sourceTree = "<group>"; };
		B71117C6300362B300245273 /* OrderViewModel.swift */ = {isa = PBXFileReference; lastKnownFileType = sourcecode.swift; path = OrderViewModel.swift; sourceTree = "<group>"; };
		B71117C830036A5B00245273 /* OrderItemCard.swift */ = {isa = PBXFileReference; lastKnownFileType = sourcecode.swift; path = OrderItemCard.swift; sourceTree = "<group>"; };
		B71117CA30036A7600245273 /* OrderSummary.swift */ = {isa = PBXFileReference; lastKnownFileType = sourcecode.swift; path = OrderSummary.swift; sourceTree = "<group>"; };
		B71117CC30036C2000245273 /* QuantityStepper.swift */ = {isa = PBXFileReference; lastKnownFileType = sourcecode.swift; path = QuantityStepper.swift; sourceTree = "<group>"; };
		B71117CE3003937000245273 /* BottomOrderBar.swift */ = {isa = PBXFileReference; lastKnownFileType = sourcecode.swift; path = BottomOrderBar.swift; sourceTree = "<group>"; };
		B71117D0300395C200245273 /* OrderSheet.swift */ = {isa = PBXFileReference; lastKnownFileType = sourcecode.swift; path = OrderSheet.swift; sourceTree = "<group>"; };
		B71117D2300399EA00245273 /* OrderItemRow.swift */ = {isa = PBXFileReference; lastKnownFileType = sourcecode.swift; path = OrderItemRow.swift; sourceTree = "<group>"; };
		B71117D43003A0B900245273 /* OrderTotalsView.swift */ = {isa = PBXFileReference; lastKnownFileType = sourcecode.swift; path = OrderTotalsView.swift; sourceTree = "<group>"; };
		B71117D63003C1D300245273 /* OrderActionBar.swift */ = {isa = PBXFileReference; lastKnownFileType = sourcecode.swift; path = OrderActionBar.swift; sourceTree = "<group>"; };
		B71117D83003C78400245273 /* OrderStatus.swift */ = {isa = PBXFileReference; lastKnownFileType = sourcecode.swift; path = OrderStatus.swift; sourceTree = "<group>"; };
		B71117DB3003F3AC00245273 /* RestaurantStore.swift */ = {isa = PBXFileReference; lastKnownFileType = sourcecode.swift; path = RestaurantStore.swift; sourceTree = "<group>"; };
		B71117DE3003F42200245273 /* SampleTables.swift */ = {isa = PBXFileReference; lastKnownFileType = sourcecode.swift; path = SampleTables.swift; sourceTree = "<group>"; };
		B71117E13003F5C000245273 /* KitchenTicket.swift */ = {isa = PBXFileReference; lastKnownFileType = sourcecode.swift; path = KitchenTicket.swift; sourceTree = "<group>"; };
		B71117E43003F7A100245273 /* KitchenTicketStatus.swift */ = {isa = PBXFileReference; lastKnownFileType = sourcecode.swift; path = KitchenTicketStatus.swift; sourceTree = "<group>"; };
		B71117E93003F87B00245273 /* KitchenViewModel.swift */ = {isa = PBXFileReference; lastKnownFileType = sourcecode.swift; path = KitchenViewModel.swift; sourceTree = "<group>"; };
		B71117EC3003F8D100245273 /* OrderService.swift */ = {isa = PBXFileReference; lastKnownFileType = sourcecode.swift; path = OrderService.swift; sourceTree = "<group>"; };
		B71117EE3003F93B00245273 /* KitchenView.swift */ = {isa = PBXFileReference; lastKnownFileType = sourcecode.swift; path = KitchenView.swift; sourceTree = "<group>"; };
		B71117F13003F96500245273 /* KitchenTicketCard.swift */ = {isa = PBXFileReference; lastKnownFileType = sourcecode.swift; path = KitchenTicketCard.swift; sourceTree = "<group>"; };
		B71117F43003FB3A00245273 /* RootTabView.swift */ = {isa = PBXFileReference; lastKnownFileType = sourcecode.swift; path = RootTabView.swift; sourceTree = "<group>"; };
		B71117F730076C2200245273 /* BillingView.swift */ = {isa = PBXFileReference; lastKnownFileType = sourcecode.swift; path = BillingView.swift; sourceTree = "<group>"; };
		B71117F930076C2F00245273 /* PaymentButton.swift */ = {isa = PBXFileReference; lastKnownFileType = sourcecode.swift; path = PaymentButton.swift; sourceTree = "<group>"; };
		B71117FB30076C3A00245273 /* BillItemRow.swift */ = {isa = PBXFileReference; lastKnownFileType = sourcecode.swift; path = BillItemRow.swift; sourceTree = "<group>"; };
		B71117FE3007706500245273 /* PaymentMethod.swift */ = {isa = PBXFileReference; lastKnownFileType = sourcecode.swift; path = PaymentMethod.swift; sourceTree = "<group>"; };
		B721C95A300293EC00C58487 /* DineFlow.app */ = {isa = PBXFileReference; explicitFileType = wrapper.application; includeInIndex = 0; path = DineFlow.app; sourceTree = BUILT_PRODUCTS_DIR; };
		B721C95D300293EC00C58487 /* DineFlowApp.swift */ = {isa = PBXFileReference; lastKnownFileType = sourcecode.swift; path = DineFlowApp.swift; sourceTree = "<group>"; };
		B721C95F300293EC00C58487 /* TablesView.swift */ = {isa = PBXFileReference; lastKnownFileType = sourcecode.swift; path = TablesView.swift; sourceTree = "<group>"; };
		B721C961300293ED00C58487 /* Assets.xcassets */ = {isa = PBXFileReference; lastKnownFileType = folder.assetcatalog; path = Assets.xcassets; sourceTree = "<group>"; };
		B721C964300293ED00C58487 /* Preview Assets.xcassets */ = {isa = PBXFileReference; lastKnownFileType = folder.assetcatalog; path = "Preview Assets.xcassets"; sourceTree = "<group>"; };
		B721C96A300293ED00C58487 /* DineFlowTests.xctest */ = {isa = PBXFileReference; explicitFileType = wrapper.cfbundle; includeInIndex = 0; path = DineFlowTests.xctest; sourceTree = BUILT_PRODUCTS_DIR; };
		B721C96E300293ED00C58487 /* DineFlowTests.swift */ = {isa = PBXFileReference; lastKnownFileType = sourcecode.swift; path = DineFlowTests.swift; sourceTree = "<group>"; };
		B721C974300293ED00C58487 /* DineFlowUITests.xctest */ = {isa = PBXFileReference; explicitFileType = wrapper.cfbundle; includeInIndex = 0; path = DineFlowUITests.xctest; sourceTree = BUILT_PRODUCTS_DIR; };
		B721C978300293ED00C58487 /* DineFlowUITests.swift */ = {isa = PBXFileReference; lastKnownFileType = sourcecode.swift; path = DineFlowUITests.swift; sourceTree = "<group>"; };
		B721C97A300293ED00C58487 /* DineFlowUITestsLaunchTests.swift */ = {isa = PBXFileReference; lastKnownFileType = sourcecode.swift; path = DineFlowUITestsLaunchTests.swift; sourceTree = "<group>"; };
		B721C99F3002960300C58487 /* AppSpacing.swift */ = {isa = PBXFileReference; lastKnownFileType = sourcecode.swift; path = AppSpacing.swift; sourceTree = "<group>"; };
		B721C9A43002966100C58487 /* AppRadius.swift */ = {isa = PBXFileReference; lastKnownFileType = sourcecode.swift; path = AppRadius.swift; sourceTree = "<group>"; };
		B721C9A8300296C900C58487 /* TableCard.swift */ = {isa = PBXFileReference; lastKnownFileType = sourcecode.swift; path = TableCard.swift; sourceTree = "<group>"; };
		B721C9AF30029C4A00C58487 /* AppTypography.swift */ = {isa = PBXFileReference; lastKnownFileType = sourcecode.swift; path = AppTypography.swift; sourceTree = "<group>"; };
		B721C9B130029C6E00C58487 /* AppColor.swift */ = {isa = PBXFileReference; lastKnownFileType = sourcecode.swift; path = AppColor.swift; sourceTree = "<group>"; };
		B721C9B330029C9300C58487 /* StatusBadge.swift */ = {isa = PBXFileReference; lastKnownFileType = sourcecode.swift; path = StatusBadge.swift; sourceTree = "<group>"; };
		B721C9B730029D3400C58487 /* PrimaryButton.swift */ = {isa = PBXFileReference; lastKnownFileType = sourcecode.swift; path = PrimaryButton.swift; sourceTree = "<group>"; };
		B721C9B930029D4300C58487 /* SearchBar.swift */ = {isa = PBXFileReference; lastKnownFileType = sourcecode.swift; path = SearchBar.swift; sourceTree = "<group>"; };
		B721C9BB30029D4F00C58487 /* EmptyState.swift */ = {isa = PBXFileReference; lastKnownFileType = sourcecode.swift; path = EmptyState.swift; sourceTree = "<group>"; };
		B721C9BD30029E1A00C58487 /* TableStatus.swift */ = {isa = PBXFileReference; lastKnownFileType = sourcecode.swift; path = TableStatus.swift; sourceTree = "<group>"; };
		B721C9BF30029E5400C58487 /* Table.swift */ = {isa = PBXFileReference; lastKnownFileType = sourcecode.swift; path = Table.swift; sourceTree = "<group>"; };
		B721C9C13002B10C00C58487 /* TablesViewModel.swift */ = {isa = PBXFileReference; lastKnownFileType = sourcecode.swift; path = TablesViewModel.swift; sourceTree = "<group>"; };
		B721C9C33002B6C800C58487 /* View+Shadow.swift */ = {isa = PBXFileReference; lastKnownFileType = sourcecode.swift; path = "View+Shadow.swift"; sourceTree = "<group>"; };
		B721C9C53002B72000C58487 /* View+CardStyle.swift */ = {isa = PBXFileReference; lastKnownFileType = sourcecode.swift; path = "View+CardStyle.swift"; sourceTree = "<group>"; };
/* End PBXFileReference section */

/* Begin PBXFrameworksBuildPhase section */
		B721C957300293EC00C58487 /* Frameworks */ = {
			isa = PBXFrameworksBuildPhase;
			buildActionMask = 2147483647;
			files = (
			);
			runOnlyForDeploymentPostprocessing = 0;
		};
		B721C967300293ED00C58487 /* Frameworks */ = {
			isa = PBXFrameworksBuildPhase;
			buildActionMask = 2147483647;
			files = (
			);
			runOnlyForDeploymentPostprocessing = 0;
		};
		B721C971300293ED00C58487 /* Frameworks */ = {
			isa = PBXFrameworksBuildPhase;
			buildActionMask = 2147483647;
			files = (
			);
			runOnlyForDeploymentPostprocessing = 0;
		};
/* End PBXFrameworksBuildPhase section */

/* Begin PBXGroup section */
		B71117963002C0F400245273 /* Utilities */ = {
			isa = PBXGroup;
			children = (
				B71117C23003608C00245273 /* Utilities.swift */,
			);
			path = Utilities;
			sourceTree = "<group>";
		};
		B71117973002C15D00245273 /* Resources */ = {
			isa = PBXGroup;
			children = (
			);
			path = Resources;
			sourceTree = "<group>";
		};
		B71117983002C35B00245273 /* Orders */ = {
			isa = PBXGroup;
			children = (
				B71117A53002C56300245273 /* Data */,
				B71117993002C36900245273 /* Components */,
				B711179A3002C37300245273 /* Models */,
				B711179B3002C38B00245273 /* ViewModels */,
				B711179C3002C39A00245273 /* Views */,
			);
			path = Orders;
			sourceTree = "<group>";
		};
		B71117993002C36900245273 /* Components */ = {
			isa = PBXGroup;
			children = (
				B71117C830036A5B00245273 /* OrderItemCard.swift */,
				B71117CA30036A7600245273 /* OrderSummary.swift */,
				B71117D2300399EA00245273 /* OrderItemRow.swift */,
				B71117D43003A0B900245273 /* OrderTotalsView.swift */,
				B71117D63003C1D300245273 /* OrderActionBar.swift */,
			);
			path = Components;
			sourceTree = "<group>";
		};
		B711179A3002C37300245273 /* Models */ = {
			isa = PBXGroup;
			children = (
				B711179F3002C4FD00245273 /* MenuCategory.swift */,
				B71117C4300361E500245273 /* Order.swift */,
				B71117A33002C51500245273 /* OrderItem.swift */,
				B71117D83003C78400245273 /* OrderStatus.swift */,
			);
			path = Models;
			sourceTree = "<group>";
		};
		B711179B3002C38B00245273 /* ViewModels */ = {
			isa = PBXGroup;
			children = (
				B71117C6300362B300245273 /* OrderViewModel.swift */,
			);
			path = ViewModels;
			sourceTree = "<group>";
		};
		B711179C3002C39A00245273 /* Views */ = {
			isa = PBXGroup;
			children = (
				B711179D3002C3F500245273 /* OrderView.swift */,
				B71117D0300395C200245273 /* OrderSheet.swift */,
			);
			path = Views;
			sourceTree = "<group>";
		};
		B71117A53002C56300245273 /* Data */ = {
			isa = PBXGroup;
			children = (
			);
			path = Data;
			sourceTree = "<group>";
		};
		B71117A83002C61F00245273 /* Menu */ = {
			isa = PBXGroup;
			children = (
				B71117B730035DBF00245273 /* Components */,
				B71117A93002C64100245273 /* Data */,
				B71117AA3002C64A00245273 /* Models */,
				B71117AB3002C65600245273 /* ViewModels */,
				B71117AC3002C66200245273 /* Views */,
			);
			path = Menu;
			sourceTree = "<group>";
		};
		B71117A93002C64100245273 /* Data */ = {
			isa = PBXGroup;
			children = (
				B71117B13002C85500245273 /* SampleMenu.swift */,
			);
			path = Data;
			sourceTree = "<group>";
		};
		B71117AA3002C64A00245273 /* Models */ = {
			isa = PBXGroup;
			children = (
				B71117AD3002C82400245273 /* Category.swift */,
				B71117AF3002C83000245273 /* MenuItem.swift */,
			);
			path = Models;
			sourceTree = "<group>";
		};
		B71117AB3002C65600245273 /* ViewModels */ = {
			isa = PBXGroup;
			children = (
				B71117B33002C87600245273 /* MenuViewModel.swift */,
			);
			path = ViewModels;
			sourceTree = "<group>";
		};
		B71117AC3002C66200245273 /* Views */ = {
			isa = PBXGroup;
			children = (
				B71117B53002C88500245273 /* MenuView.swift */,
			);
			path = Views;
			sourceTree = "<group>";
		};
		B71117B730035DBF00245273 /* Components */ = {
			isa = PBXGroup;
			children = (
				B71117B830035DCD00245273 /* CategoryChip.swift */,
				B71117BA30035DFF00245273 /* CategoryBar.swift */,
				B71117BE30035EE600245273 /* MenuItemRow.swift */,
				B71117C030035F1100245273 /* MenuList.swift */,
			);
			path = Components;
			sourceTree = "<group>";
		};
		B71117DA3003F39C00245273 /* Store */ = {
			isa = PBXGroup;
			children = (
				B71117DB3003F3AC00245273 /* RestaurantStore.swift */,
			);
			path = Store;
			sourceTree = "<group>";
		};
		B71117DD3003F41200245273 /* SampleData */ = {
			isa = PBXGroup;
			children = (
				B71117DE3003F42200245273 /* SampleTables.swift */,
			);
			path = SampleData;
			sourceTree = "<group>";
		};
		B71117E03003F5B000245273 /* Kitchen */ = {
			isa = PBXGroup;
			children = (
				B71117F03003F95800245273 /* Components */,
				B71117E83003F82A00245273 /* Data */,
				B71117E33003F79600245273 /* Models */,
				B71117E63003F80C00245273 /* ViewModels */,
				B71117E73003F81D00245273 /* Views */,
			);
			path = Kitchen;
			sourceTree = "<group>";
		};
		B71117E33003F79600245273 /* Models */ = {
			isa = PBXGroup;
			children = (
				B71117E13003F5C000245273 /* KitchenTicket.swift */,
				B71117E43003F7A100245273 /* KitchenTicketStatus.swift */,
			);
			path = Models;
			sourceTree = "<group>";
		};
		B71117E63003F80C00245273 /* ViewModels */ = {
			isa = PBXGroup;
			children = (
				B71117E93003F87B00245273 /* KitchenViewModel.swift */,
			);
			path = ViewModels;
			sourceTree = "<group>";
		};
		B71117E73003F81D00245273 /* Views */ = {
			isa = PBXGroup;
			children = (
				B71117EE3003F93B00245273 /* KitchenView.swift */,
			);
			path = Views;
			sourceTree = "<group>";
		};
		B71117E83003F82A00245273 /* Data */ = {
			isa = PBXGroup;
			children = (
			);
			path = Data;
			sourceTree = "<group>";
		};
		B71117EB3003F8C400245273 /* Services */ = {
			isa = PBXGroup;
			children = (
				B71117EC3003F8D100245273 /* OrderService.swift */,
			);
			path = Services;
			sourceTree = "<group>";
		};
		B71117F03003F95800245273 /* Components */ = {
			isa = PBXGroup;
			children = (
				B71117F13003F96500245273 /* KitchenTicketCard.swift */,
			);
			path = Components;
			sourceTree = "<group>";
		};
		B71117F33003FB2C00245273 /* Root */ = {
			isa = PBXGroup;
			children = (
				B71117F43003FB3A00245273 /* RootTabView.swift */,
			);
			path = Root;
			sourceTree = "<group>";
		};
		B71117F630076C0C00245273 /* Billing */ = {
			isa = PBXGroup;
			children = (
				B71117F730076C2200245273 /* BillingView.swift */,
				B71117FD3007705200245273 /* Models */,
				B71117F930076C2F00245273 /* PaymentButton.swift */,
				B71117FB30076C3A00245273 /* BillItemRow.swift */,
			);
			path = Billing;
			sourceTree = "<group>";
		};
		B71117FD3007705200245273 /* Models */ = {
			isa = PBXGroup;
			children = (
				B71117FE3007706500245273 /* PaymentMethod.swift */,
			);
			path = Models;
			sourceTree = "<group>";
		};
		B721C951300293EC00C58487 = {
			isa = PBXGroup;
			children = (
				B721C9AE3002980800C58487 /* Docs */,
				B721C95C300293EC00C58487 /* DineFlow */,
				B721C96D300293ED00C58487 /* DineFlowTests */,
				B721C977300293ED00C58487 /* DineFlowUITests */,
				B721C95B300293EC00C58487 /* Products */,
			);
			sourceTree = "<group>";
		};
		B721C95B300293EC00C58487 /* Products */ = {
			isa = PBXGroup;
			children = (
				B721C95A300293EC00C58487 /* DineFlow.app */,
				B721C96A300293ED00C58487 /* DineFlowTests.xctest */,
				B721C974300293ED00C58487 /* DineFlowUITests.xctest */,
			);
			name = Products;
			sourceTree = "<group>";
		};
		B721C95C300293EC00C58487 /* DineFlow */ = {
			isa = PBXGroup;
			children = (
				B721C9873002942400C58487 /* App */,
				B721C961300293ED00C58487 /* Assets.xcassets */,
				B721C963300293ED00C58487 /* Preview Content */,
			);
			path = DineFlow;
			sourceTree = "<group>";
		};
		B721C963300293ED00C58487 /* Preview Content */ = {
			isa = PBXGroup;
			children = (
				B721C964300293ED00C58487 /* Preview Assets.xcassets */,
			);
			path = "Preview Content";
			sourceTree = "<group>";
		};
		B721C96D300293ED00C58487 /* DineFlowTests */ = {
			isa = PBXGroup;
			children = (
				B721C96E300293ED00C58487 /* DineFlowTests.swift */,
			);
			path = DineFlowTests;
			sourceTree = "<group>";
		};
		B721C977300293ED00C58487 /* DineFlowUITests */ = {
			isa = PBXGroup;
			children = (
				B721C978300293ED00C58487 /* DineFlowUITests.swift */,
				B721C97A300293ED00C58487 /* DineFlowUITestsLaunchTests.swift */,
			);
			path = DineFlowUITests;
			sourceTree = "<group>";
		};
		B721C9873002942400C58487 /* App */ = {
			isa = PBXGroup;
			children = (
				B721C95D300293EC00C58487 /* DineFlowApp.swift */,
				B71117F33003FB2C00245273 /* Root */,
				B71117DD3003F41200245273 /* SampleData */,
				B721C9883002943100C58487 /* Core */,
				B721C9913002948F00C58487 /* Features */,
				B71117973002C15D00245273 /* Resources */,
			);
			path = App;
			sourceTree = "<group>";
		};
		B721C9883002943100C58487 /* Core */ = {
			isa = PBXGroup;
			children = (
				B71117EB3003F8C400245273 /* Services */,
				B71117DA3003F39C00245273 /* Store */,
				B721C9A13002961B00C58487 /* Components */,
				B721C9B630029D0E00C58487 /* DesignSystem */,
				B721C9A23002962500C58487 /* Extensions */,
				B721C9A33002963000C58487 /* Navigation */,
				B721C99E300295F600C58487 /* Theme */,
				B71117963002C0F400245273 /* Utilities */,
			);
			path = Core;
			sourceTree = "<group>";
		};
		B721C9913002948F00C58487 /* Features */ = {
			isa = PBXGroup;
			children = (
				B71117F630076C0C00245273 /* Billing */,
				B71117E03003F5B000245273 /* Kitchen */,
				B721C993300294BA00C58487 /* Tables */,
				B71117983002C35B00245273 /* Orders */,
				B71117A83002C61F00245273 /* Menu */,
			);
			path = Features;
			sourceTree = "<group>";
		};
		B721C993300294BA00C58487 /* Tables */ = {
			isa = PBXGroup;
			children = (
				B721C99A3002950B00C58487 /* Components */,
				B721C9AA3002978A00C58487 /* Models */,
				B721C998300294E500C58487 /* ViewModels */,
				B721C9993002950000C58487 /* Views */,
			);
			path = Tables;
			sourceTree = "<group>";
		};
		B721C998300294E500C58487 /* ViewModels */ = {
			isa = PBXGroup;
			children = (
				B721C9C13002B10C00C58487 /* TablesViewModel.swift */,
			);
			path = ViewModels;
			sourceTree = "<group>";
		};
		B721C9993002950000C58487 /* Views */ = {
			isa = PBXGroup;
			children = (
				B721C95F300293EC00C58487 /* TablesView.swift */,
			);
			path = Views;
			sourceTree = "<group>";
		};
		B721C99A3002950B00C58487 /* Components */ = {
			isa = PBXGroup;
			children = (
				B721C9A8300296C900C58487 /* TableCard.swift */,
			);
			path = Components;
			sourceTree = "<group>";
		};
		B721C99E300295F600C58487 /* Theme */ = {
			isa = PBXGroup;
			children = (
			);
			path = Theme;
			sourceTree = "<group>";
		};
		B721C9A13002961B00C58487 /* Components */ = {
			isa = PBXGroup;
			children = (
				B721C9B730029D3400C58487 /* PrimaryButton.swift */,
				B71117BC30035EAE00245273 /* VegIndicator.swift */,
				B71117CE3003937000245273 /* BottomOrderBar.swift */,
				B721C9B330029C9300C58487 /* StatusBadge.swift */,
				B721C9B930029D4300C58487 /* SearchBar.swift */,
				B71117CC30036C2000245273 /* QuantityStepper.swift */,
				B721C9BB30029D4F00C58487 /* EmptyState.swift */,
			);
			path = Components;
			sourceTree = "<group>";
		};
		B721C9A23002962500C58487 /* Extensions */ = {
			isa = PBXGroup;
			children = (
				B721C9C33002B6C800C58487 /* View+Shadow.swift */,
				B721C9C53002B72000C58487 /* View+CardStyle.swift */,
			);
			path = Extensions;
			sourceTree = "<group>";
		};
		B721C9A33002963000C58487 /* Navigation */ = {
			isa = PBXGroup;
			children = (
			);
			path = Navigation;
			sourceTree = "<group>";
		};
		B721C9AA3002978A00C58487 /* Models */ = {
			isa = PBXGroup;
			children = (
				B721C9BD30029E1A00C58487 /* TableStatus.swift */,
				B721C9BF30029E5400C58487 /* Table.swift */,
			);
			path = Models;
			sourceTree = "<group>";
		};
		B721C9AE3002980800C58487 /* Docs */ = {
			isa = PBXGroup;
			children = (
			);
			path = Docs;
			sourceTree = "<group>";
		};
		B721C9B630029D0E00C58487 /* DesignSystem */ = {
			isa = PBXGroup;
			children = (
				B721C99F3002960300C58487 /* AppSpacing.swift */,
				B721C9A43002966100C58487 /* AppRadius.swift */,
				B721C9AF30029C4A00C58487 /* AppTypography.swift */,
				B721C9B130029C6E00C58487 /* AppColor.swift */,
			);
			path = DesignSystem;
			sourceTree = "<group>";
		};
/* End PBXGroup section */

/* Begin PBXNativeTarget section */
		B721C959300293EC00C58487 /* DineFlow */ = {
			isa = PBXNativeTarget;
			buildConfigurationList = B721C97E300293ED00C58487 /* Build configuration list for PBXNativeTarget "DineFlow" */;
			buildPhases = (
				B721C956300293EC00C58487 /* Sources */,
				B721C957300293EC00C58487 /* Frameworks */,
				B721C958300293EC00C58487 /* Resources */,
			);
			buildRules = (
			);
			dependencies = (
			);
			name = DineFlow;
			productName = DineFlow;
			productReference = B721C95A300293EC00C58487 /* DineFlow.app */;
			productType = "com.apple.product-type.application";
		};
		B721C969300293ED00C58487 /* DineFlowTests */ = {
			isa = PBXNativeTarget;
			buildConfigurationList = B721C981300293ED00C58487 /* Build configuration list for PBXNativeTarget "DineFlowTests" */;
			buildPhases = (
				B721C966300293ED00C58487 /* Sources */,
				B721C967300293ED00C58487 /* Frameworks */,
				B721C968300293ED00C58487 /* Resources */,
			);
			buildRules = (
			);
			dependencies = (
				B721C96C300293ED00C58487 /* PBXTargetDependency */,
			);
			name = DineFlowTests;
			productName = DineFlowTests;
			productReference = B721C96A300293ED00C58487 /* DineFlowTests.xctest */;
			productType = "com.apple.product-type.bundle.unit-test";
		};
		B721C973300293ED00C58487 /* DineFlowUITests */ = {
			isa = PBXNativeTarget;
			buildConfigurationList = B721C984300293ED00C58487 /* Build configuration list for PBXNativeTarget "DineFlowUITests" */;
			buildPhases = (
				B721C970300293ED00C58487 /* Sources */,
				B721C971300293ED00C58487 /* Frameworks */,
				B721C972300293ED00C58487 /* Resources */,
			);
			buildRules = (
			);
			dependencies = (
				B721C976300293ED00C58487 /* PBXTargetDependency */,
			);
			name = DineFlowUITests;
			productName = DineFlowUITests;
			productReference = B721C974300293ED00C58487 /* DineFlowUITests.xctest */;
			productType = "com.apple.product-type.bundle.ui-testing";
		};
/* End PBXNativeTarget section */

/* Begin PBXProject section */
		B721C952300293EC00C58487 /* Project object */ = {
			isa = PBXProject;
			attributes = {
				BuildIndependentTargetsInParallel = 1;
				LastSwiftUpdateCheck = 1540;
				LastUpgradeCheck = 1540;
				TargetAttributes = {
					B721C959300293EC00C58487 = {
						CreatedOnToolsVersion = 15.4;
					};
					B721C969300293ED00C58487 = {
						CreatedOnToolsVersion = 15.4;
						TestTargetID = B721C959300293EC00C58487;
					};
					B721C973300293ED00C58487 = {
						CreatedOnToolsVersion = 15.4;
						TestTargetID = B721C959300293EC00C58487;
					};
				};
			};
			buildConfigurationList = B721C955300293EC00C58487 /* Build configuration list for PBXProject "DineFlow" */;
			compatibilityVersion = "Xcode 14.0";
			developmentRegion = en;
			hasScannedForEncodings = 0;
			knownRegions = (
				en,
				Base,
			);
			mainGroup = B721C951300293EC00C58487;
			productRefGroup = B721C95B300293EC00C58487 /* Products */;
			projectDirPath = "";
			projectRoot = "";
			targets = (
				B721C959300293EC00C58487 /* DineFlow */,
				B721C969300293ED00C58487 /* DineFlowTests */,
				B721C973300293ED00C58487 /* DineFlowUITests */,
			);
		};
/* End PBXProject section */

/* Begin PBXResourcesBuildPhase section */
		B721C958300293EC00C58487 /* Resources */ = {
			isa = PBXResourcesBuildPhase;
			buildActionMask = 2147483647;
			files = (
				B721C965300293ED00C58487 /* Preview Assets.xcassets in Resources */,
				B721C962300293ED00C58487 /* Assets.xcassets in Resources */,
			);
			runOnlyForDeploymentPostprocessing = 0;
		};
		B721C968300293ED00C58487 /* Resources */ = {
			isa = PBXResourcesBuildPhase;
			buildActionMask = 2147483647;
			files = (
			);
			runOnlyForDeploymentPostprocessing = 0;
		};
		B721C972300293ED00C58487 /* Resources */ = {
			isa = PBXResourcesBuildPhase;
			buildActionMask = 2147483647;
			files = (
			);
			runOnlyForDeploymentPostprocessing = 0;
		};
/* End PBXResourcesBuildPhase section */

/* Begin PBXSourcesBuildPhase section */
		B721C956300293EC00C58487 /* Sources */ = {
			isa = PBXSourcesBuildPhase;
			buildActionMask = 2147483647;
			files = (
				B71117CD30036C2000245273 /* QuantityStepper.swift in Sources */,
				B71117B03002C83000245273 /* MenuItem.swift in Sources */,
				B71117DC3003F3AC00245273 /* RestaurantStore.swift in Sources */,
				B721C9A03002960300C58487 /* AppSpacing.swift in Sources */,
				B721C9C23002B10C00C58487 /* TablesViewModel.swift in Sources */,
				B71117EA3003F87B00245273 /* KitchenViewModel.swift in Sources */,
				B71117E53003F7A100245273 /* KitchenTicketStatus.swift in Sources */,
				B71117B43002C87600245273 /* MenuViewModel.swift in Sources */,
				B71117FA30076C2F00245273 /* PaymentButton.swift in Sources */,
				B71117DF3003F42200245273 /* SampleTables.swift in Sources */,
				B721C9B830029D3400C58487 /* PrimaryButton.swift in Sources */,
				B71117E23003F5C000245273 /* KitchenTicket.swift in Sources */,
				B711179E3002C3F500245273 /* OrderView.swift in Sources */,
				B71117C930036A5B00245273 /* OrderItemCard.swift in Sources */,
				B71117D3300399EA00245273 /* OrderItemRow.swift in Sources */,
				B71117A03002C4FD00245273 /* MenuCategory.swift in Sources */,
				B71117B63002C88500245273 /* MenuView.swift in Sources */,
				B71117B930035DCD00245273 /* CategoryChip.swift in Sources */,
				B71117C5300361E500245273 /* Order.swift in Sources */,
				B71117CB30036A7600245273 /* OrderSummary.swift in Sources */,
				B721C960300293EC00C58487 /* TablesView.swift in Sources */,
				B721C9BC30029D4F00C58487 /* EmptyState.swift in Sources */,
				B721C9C030029E5400C58487 /* Table.swift in Sources */,
				B721C9A9300296C900C58487 /* TableCard.swift in Sources */,
				B71117ED3003F8D100245273 /* OrderService.swift in Sources */,
				B721C95E300293EC00C58487 /* DineFlowApp.swift in Sources */,
				B71117F23003F96500245273 /* KitchenTicketCard.swift in Sources */,
				B721C9BA30029D4300C58487 /* SearchBar.swift in Sources */,
				B71117B23002C85500245273 /* SampleMenu.swift in Sources */,
				B721C9C63002B72000C58487 /* View+CardStyle.swift in Sources */,
				B71117D73003C1D300245273 /* OrderActionBar.swift in Sources */,
				B71117EF3003F93B00245273 /* KitchenView.swift in Sources */,
				B71117CF3003937000245273 /* BottomOrderBar.swift in Sources */,
				B721C9A53002966100C58487 /* AppRadius.swift in Sources */,
				B71117C33003608C00245273 /* Utilities.swift in Sources */,
				B71117D53003A0B900245273 /* OrderTotalsView.swift in Sources */,
				B721C9B430029C9300C58487 /* StatusBadge.swift in Sources */,
				B71117F53003FB3A00245273 /* RootTabView.swift in Sources */,
				B721C9C43002B6C800C58487 /* View+Shadow.swift in Sources */,
				B721C9BE30029E1A00C58487 /* TableStatus.swift in Sources */,
				B71117C7300362B300245273 /* OrderViewModel.swift in Sources */,
				B721C9B030029C4A00C58487 /* AppTypography.swift in Sources */,
				B71117A43002C51500245273 /* OrderItem.swift in Sources */,
				B71117D1300395C200245273 /* OrderSheet.swift in Sources */,
				B71117FC30076C3A00245273 /* BillItemRow.swift in Sources */,
				B71117C130035F1100245273 /* MenuList.swift in Sources */,
				B71117D93003C78400245273 /* OrderStatus.swift in Sources */,
				B721C9B230029C6E00C58487 /* AppColor.swift in Sources */,
				B71117BF30035EE600245273 /* MenuItemRow.swift in Sources */,
				B71117AE3002C82400245273 /* Category.swift in Sources */,
				B71117BD30035EAE00245273 /* VegIndicator.swift in Sources */,
				B71117FF3007706500245273 /* PaymentMethod.swift in Sources */,
				B71117F830076C2200245273 /* BillingView.swift in Sources */,
				B71117BB30035DFF00245273 /* CategoryBar.swift in Sources */,
			);
			runOnlyForDeploymentPostprocessing = 0;
		};
		B721C966300293ED00C58487 /* Sources */ = {
			isa = PBXSourcesBuildPhase;
			buildActionMask = 2147483647;
			files = (
				B721C96F300293ED00C58487 /* DineFlowTests.swift in Sources */,
			);
			runOnlyForDeploymentPostprocessing = 0;
		};
		B721C970300293ED00C58487 /* Sources */ = {
			isa = PBXSourcesBuildPhase;
			buildActionMask = 2147483647;
			files = (
				B721C97B300293ED00C58487 /* DineFlowUITestsLaunchTests.swift in Sources */,
				B721C979300293ED00C58487 /* DineFlowUITests.swift in Sources */,
			);
			runOnlyForDeploymentPostprocessing = 0;
		};
/* End PBXSourcesBuildPhase section */

/* Begin PBXTargetDependency section */
		B721C96C300293ED00C58487 /* PBXTargetDependency */ = {
			isa = PBXTargetDependency;
			target = B721C959300293EC00C58487 /* DineFlow */;
			targetProxy = B721C96B300293ED00C58487 /* PBXContainerItemProxy */;
		};
		B721C976300293ED00C58487 /* PBXTargetDependency */ = {
			isa = PBXTargetDependency;
			target = B721C959300293EC00C58487 /* DineFlow */;
			targetProxy = B721C975300293ED00C58487 /* PBXContainerItemProxy */;
		};
/* End PBXTargetDependency section */

/* Begin XCBuildConfiguration section */
		B721C97C300293ED00C58487 /* Debug */ = {
			isa = XCBuildConfiguration;
			buildSettings = {
				ALWAYS_SEARCH_USER_PATHS = NO;
				ASSETCATALOG_COMPILER_GENERATE_SWIFT_ASSET_SYMBOL_EXTENSIONS = YES;
				CLANG_ANALYZER_NONNULL = YES;
				CLANG_ANALYZER_NUMBER_OBJECT_CONVERSION = YES_AGGRESSIVE;
				CLANG_CXX_LANGUAGE_STANDARD = "gnu++20";
				CLANG_ENABLE_MODULES = YES;
				CLANG_ENABLE_OBJC_ARC = YES;
				CLANG_ENABLE_OBJC_WEAK = YES;
				CLANG_WARN_BLOCK_CAPTURE_AUTORELEASING = YES;
				CLANG_WARN_BOOL_CONVERSION = YES;
				CLANG_WARN_COMMA = YES;
				CLANG_WARN_CONSTANT_CONVERSION = YES;
				CLANG_WARN_DEPRECATED_OBJC_IMPLEMENTATIONS = YES;
				CLANG_WARN_DIRECT_OBJC_ISA_USAGE = YES_ERROR;
				CLANG_WARN_DOCUMENTATION_COMMENTS = YES;
				CLANG_WARN_EMPTY_BODY = YES;
				CLANG_WARN_ENUM_CONVERSION = YES;
				CLANG_WARN_INFINITE_RECURSION = YES;
				CLANG_WARN_INT_CONVERSION = YES;
				CLANG_WARN_NON_LITERAL_NULL_CONVERSION = YES;
				CLANG_WARN_OBJC_IMPLICIT_RETAIN_SELF = YES;
				CLANG_WARN_OBJC_LITERAL_CONVERSION = YES;
				CLANG_WARN_OBJC_ROOT_CLASS = YES_ERROR;
				CLANG_WARN_QUOTED_INCLUDE_IN_FRAMEWORK_HEADER = YES;
				CLANG_WARN_RANGE_LOOP_ANALYSIS = YES;
				CLANG_WARN_STRICT_PROTOTYPES = YES;
				CLANG_WARN_SUSPICIOUS_MOVE = YES;
				CLANG_WARN_UNGUARDED_AVAILABILITY = YES_AGGRESSIVE;
				CLANG_WARN_UNREACHABLE_CODE = YES;
				CLANG_WARN__DUPLICATE_METHOD_MATCH = YES;
				COPY_PHASE_STRIP = NO;
				DEBUG_INFORMATION_FORMAT = dwarf;
				ENABLE_STRICT_OBJC_MSGSEND = YES;
				ENABLE_TESTABILITY = YES;
				ENABLE_USER_SCRIPT_SANDBOXING = YES;
				GCC_C_LANGUAGE_STANDARD = gnu17;
				GCC_DYNAMIC_NO_PIC = NO;
				GCC_NO_COMMON_BLOCKS = YES;
				GCC_OPTIMIZATION_LEVEL = 0;
				GCC_PREPROCESSOR_DEFINITIONS = (
					"DEBUG=1",
					"$(inherited)",
				);
				GCC_WARN_64_TO_32_BIT_CONVERSION = YES;
				GCC_WARN_ABOUT_RETURN_TYPE = YES_ERROR;
				GCC_WARN_UNDECLARED_SELECTOR = YES;
				GCC_WARN_UNINITIALIZED_AUTOS = YES_AGGRESSIVE;
				GCC_WARN_UNUSED_FUNCTION = YES;
				GCC_WARN_UNUSED_VARIABLE = YES;
				IPHONEOS_DEPLOYMENT_TARGET = 17.5;
				LOCALIZATION_PREFERS_STRING_CATALOGS = YES;
				MTL_ENABLE_DEBUG_INFO = INCLUDE_SOURCE;
				MTL_FAST_MATH = YES;
				ONLY_ACTIVE_ARCH = YES;
				SDKROOT = iphoneos;
				SWIFT_ACTIVE_COMPILATION_CONDITIONS = "DEBUG $(inherited)";
				SWIFT_OPTIMIZATION_LEVEL = "-Onone";
			};
			name = Debug;
		};
		B721C97D300293ED00C58487 /* Release */ = {
			isa = XCBuildConfiguration;
			buildSettings = {
				ALWAYS_SEARCH_USER_PATHS = NO;
				ASSETCATALOG_COMPILER_GENERATE_SWIFT_ASSET_SYMBOL_EXTENSIONS = YES;
				CLANG_ANALYZER_NONNULL = YES;
				CLANG_ANALYZER_NUMBER_OBJECT_CONVERSION = YES_AGGRESSIVE;
				CLANG_CXX_LANGUAGE_STANDARD = "gnu++20";
				CLANG_ENABLE_MODULES = YES;
				CLANG_ENABLE_OBJC_ARC = YES;
				CLANG_ENABLE_OBJC_WEAK = YES;
				CLANG_WARN_BLOCK_CAPTURE_AUTORELEASING = YES;
				CLANG_WARN_BOOL_CONVERSION = YES;
				CLANG_WARN_COMMA = YES;
				CLANG_WARN_CONSTANT_CONVERSION = YES;
				CLANG_WARN_DEPRECATED_OBJC_IMPLEMENTATIONS = YES;
				CLANG_WARN_DIRECT_OBJC_ISA_USAGE = YES_ERROR;
				CLANG_WARN_DOCUMENTATION_COMMENTS = YES;
				CLANG_WARN_EMPTY_BODY = YES;
				CLANG_WARN_ENUM_CONVERSION = YES;
				CLANG_WARN_INFINITE_RECURSION = YES;
				CLANG_WARN_INT_CONVERSION = YES;
				CLANG_WARN_NON_LITERAL_NULL_CONVERSION = YES;
				CLANG_WARN_OBJC_IMPLICIT_RETAIN_SELF = YES;
				CLANG_WARN_OBJC_LITERAL_CONVERSION = YES;
				CLANG_WARN_OBJC_ROOT_CLASS = YES_ERROR;
				CLANG_WARN_QUOTED_INCLUDE_IN_FRAMEWORK_HEADER = YES;
				CLANG_WARN_RANGE_LOOP_ANALYSIS = YES;
				CLANG_WARN_STRICT_PROTOTYPES = YES;
				CLANG_WARN_SUSPICIOUS_MOVE = YES;
				CLANG_WARN_UNGUARDED_AVAILABILITY = YES_AGGRESSIVE;
				CLANG_WARN_UNREACHABLE_CODE = YES;
				CLANG_WARN__DUPLICATE_METHOD_MATCH = YES;
				COPY_PHASE_STRIP = NO;
				DEBUG_INFORMATION_FORMAT = "dwarf-with-dsym";
				ENABLE_NS_ASSERTIONS = NO;
				ENABLE_STRICT_OBJC_MSGSEND = YES;
				ENABLE_USER_SCRIPT_SANDBOXING = YES;
				GCC_C_LANGUAGE_STANDARD = gnu17;
				GCC_NO_COMMON_BLOCKS = YES;
				GCC_WARN_64_TO_32_BIT_CONVERSION = YES;
				GCC_WARN_ABOUT_RETURN_TYPE = YES_ERROR;
				GCC_WARN_UNDECLARED_SELECTOR = YES;
				GCC_WARN_UNINITIALIZED_AUTOS = YES_AGGRESSIVE;
				GCC_WARN_UNUSED_FUNCTION = YES;
				GCC_WARN_UNUSED_VARIABLE = YES;
				IPHONEOS_DEPLOYMENT_TARGET = 17.5;
				LOCALIZATION_PREFERS_STRING_CATALOGS = YES;
				MTL_ENABLE_DEBUG_INFO = NO;
				MTL_FAST_MATH = YES;
				SDKROOT = iphoneos;
				SWIFT_COMPILATION_MODE = wholemodule;
				VALIDATE_PRODUCT = YES;
			};
			name = Release;
		};
		B721C97F300293ED00C58487 /* Debug */ = {
			isa = XCBuildConfiguration;
			buildSettings = {
				ASSETCATALOG_COMPILER_APPICON_NAME = AppIcon;
				ASSETCATALOG_COMPILER_GLOBAL_ACCENT_COLOR_NAME = AccentColor;
				CODE_SIGN_STYLE = Automatic;
				CURRENT_PROJECT_VERSION = 1;
				DEVELOPMENT_ASSET_PATHS = "\"DineFlow/Preview Content\"";
				DEVELOPMENT_TEAM = XSVB2FKJBY;
				ENABLE_PREVIEWS = YES;
				GENERATE_INFOPLIST_FILE = YES;
				INFOPLIST_KEY_UIApplicationSceneManifest_Generation = YES;
				INFOPLIST_KEY_UIApplicationSupportsIndirectInputEvents = YES;
				INFOPLIST_KEY_UILaunchScreen_Generation = YES;
				INFOPLIST_KEY_UISupportedInterfaceOrientations_iPad = "UIInterfaceOrientationPortrait UIInterfaceOrientationPortraitUpsideDown UIInterfaceOrientationLandscapeLeft UIInterfaceOrientationLandscapeRight";
				INFOPLIST_KEY_UISupportedInterfaceOrientations_iPhone = "UIInterfaceOrientationPortrait UIInterfaceOrientationLandscapeLeft UIInterfaceOrientationLandscapeRight";
				LD_RUNPATH_SEARCH_PATHS = (
					"$(inherited)",
					"@executable_path/Frameworks",
				);
				MARKETING_VERSION = 1.0;
				PRODUCT_BUNDLE_IDENTIFIER = com.swiftproject.test.DineFlow;
				PRODUCT_NAME = "$(TARGET_NAME)";
				SWIFT_EMIT_LOC_STRINGS = YES;
				SWIFT_VERSION = 5.0;
				TARGETED_DEVICE_FAMILY = "1,2";
			};
			name = Debug;
		};
		B721C980300293ED00C58487 /* Release */ = {
			isa = XCBuildConfiguration;
			buildSettings = {
				ASSETCATALOG_COMPILER_APPICON_NAME = AppIcon;
				ASSETCATALOG_COMPILER_GLOBAL_ACCENT_COLOR_NAME = AccentColor;
				CODE_SIGN_STYLE = Automatic;
				CURRENT_PROJECT_VERSION = 1;
				DEVELOPMENT_ASSET_PATHS = "\"DineFlow/Preview Content\"";
				DEVELOPMENT_TEAM = XSVB2FKJBY;
				ENABLE_PREVIEWS = YES;
				GENERATE_INFOPLIST_FILE = YES;
				INFOPLIST_KEY_UIApplicationSceneManifest_Generation = YES;
				INFOPLIST_KEY_UIApplicationSupportsIndirectInputEvents = YES;
				INFOPLIST_KEY_UILaunchScreen_Generation = YES;
				INFOPLIST_KEY_UISupportedInterfaceOrientations_iPad = "UIInterfaceOrientationPortrait UIInterfaceOrientationPortraitUpsideDown UIInterfaceOrientationLandscapeLeft UIInterfaceOrientationLandscapeRight";
				INFOPLIST_KEY_UISupportedInterfaceOrientations_iPhone = "UIInterfaceOrientationPortrait UIInterfaceOrientationLandscapeLeft UIInterfaceOrientationLandscapeRight";
				LD_RUNPATH_SEARCH_PATHS = (
					"$(inherited)",
					"@executable_path/Frameworks",
				);
				MARKETING_VERSION = 1.0;
				PRODUCT_BUNDLE_IDENTIFIER = com.swiftproject.test.DineFlow;
				PRODUCT_NAME = "$(TARGET_NAME)";
				SWIFT_EMIT_LOC_STRINGS = YES;
				SWIFT_VERSION = 5.0;
				TARGETED_DEVICE_FAMILY = "1,2";
			};
			name = Release;
		};
		B721C982300293ED00C58487 /* Debug */ = {
			isa = XCBuildConfiguration;
			buildSettings = {
				ALWAYS_EMBED_SWIFT_STANDARD_LIBRARIES = YES;
				BUNDLE_LOADER = "$(TEST_HOST)";
				CODE_SIGN_STYLE = Automatic;
				CURRENT_PROJECT_VERSION = 1;
				DEVELOPMENT_TEAM = XSVB2FKJBY;
				GENERATE_INFOPLIST_FILE = YES;
				IPHONEOS_DEPLOYMENT_TARGET = 17.5;
				MARKETING_VERSION = 1.0;
				PRODUCT_BUNDLE_IDENTIFIER = com.swiftproject.test.DineFlowTests;
				PRODUCT_NAME = "$(TARGET_NAME)";
				SWIFT_EMIT_LOC_STRINGS = NO;
				SWIFT_VERSION = 5.0;
				TARGETED_DEVICE_FAMILY = "1,2";
				TEST_HOST = "$(BUILT_PRODUCTS_DIR)/DineFlow.app/$(BUNDLE_EXECUTABLE_FOLDER_PATH)/DineFlow";
			};
			name = Debug;
		};
		B721C983300293ED00C58487 /* Release */ = {
			isa = XCBuildConfiguration;
			buildSettings = {
				ALWAYS_EMBED_SWIFT_STANDARD_LIBRARIES = YES;
				BUNDLE_LOADER = "$(TEST_HOST)";
				CODE_SIGN_STYLE = Automatic;
				CURRENT_PROJECT_VERSION = 1;
				DEVELOPMENT_TEAM = XSVB2FKJBY;
				GENERATE_INFOPLIST_FILE = YES;
				IPHONEOS_DEPLOYMENT_TARGET = 17.5;
				MARKETING_VERSION = 1.0;
				PRODUCT_BUNDLE_IDENTIFIER = com.swiftproject.test.DineFlowTests;
				PRODUCT_NAME = "$(TARGET_NAME)";
				SWIFT_EMIT_LOC_STRINGS = NO;
				SWIFT_VERSION = 5.0;
				TARGETED_DEVICE_FAMILY = "1,2";
				TEST_HOST = "$(BUILT_PRODUCTS_DIR)/DineFlow.app/$(BUNDLE_EXECUTABLE_FOLDER_PATH)/DineFlow";
			};
			name = Release;
		};
		B721C985300293ED00C58487 /* Debug */ = {
			isa = XCBuildConfiguration;
			buildSettings = {
				ALWAYS_EMBED_SWIFT_STANDARD_LIBRARIES = YES;
				CODE_SIGN_STYLE = Automatic;
				CURRENT_PROJECT_VERSION = 1;
				DEVELOPMENT_TEAM = XSVB2FKJBY;
				GENERATE_INFOPLIST_FILE = YES;
				MARKETING_VERSION = 1.0;
				PRODUCT_BUNDLE_IDENTIFIER = com.swiftproject.test.DineFlowUITests;
				PRODUCT_NAME = "$(TARGET_NAME)";
				SWIFT_EMIT_LOC_STRINGS = NO;
				SWIFT_VERSION = 5.0;
				TARGETED_DEVICE_FAMILY = "1,2";
				TEST_TARGET_NAME = DineFlow;
			};
			name = Debug;
		};
		B721C986300293ED00C58487 /* Release */ = {
			isa = XCBuildConfiguration;
			buildSettings = {
				ALWAYS_EMBED_SWIFT_STANDARD_LIBRARIES = YES;
				CODE_SIGN_STYLE = Automatic;
				CURRENT_PROJECT_VERSION = 1;
				DEVELOPMENT_TEAM = XSVB2FKJBY;
				GENERATE_INFOPLIST_FILE = YES;
				MARKETING_VERSION = 1.0;
				PRODUCT_BUNDLE_IDENTIFIER = com.swiftproject.test.DineFlowUITests;
				PRODUCT_NAME = "$(TARGET_NAME)";
				SWIFT_EMIT_LOC_STRINGS = NO;
				SWIFT_VERSION = 5.0;
				TARGETED_DEVICE_FAMILY = "1,2";
				TEST_TARGET_NAME = DineFlow;
			};
			name = Release;
		};
/* End XCBuildConfiguration section */

/* Begin XCConfigurationList section */
		B721C955300293EC00C58487 /* Build configuration list for PBXProject "DineFlow" */ = {
			isa = XCConfigurationList;
			buildConfigurations = (
				B721C97C300293ED00C58487 /* Debug */,
				B721C97D300293ED00C58487 /* Release */,
			);
			defaultConfigurationIsVisible = 0;
			defaultConfigurationName = Release;
		};
		B721C97E300293ED00C58487 /* Build configuration list for PBXNativeTarget "DineFlow" */ = {
			isa = XCConfigurationList;
			buildConfigurations = (
				B721C97F300293ED00C58487 /* Debug */,
				B721C980300293ED00C58487 /* Release */,
			);
			defaultConfigurationIsVisible = 0;
			defaultConfigurationName = Release;
		};
		B721C981300293ED00C58487 /* Build configuration list for PBXNativeTarget "DineFlowTests" */ = {
			isa = XCConfigurationList;
			buildConfigurations = (
				B721C982300293ED00C58487 /* Debug */,
				B721C983300293ED00C58487 /* Release */,
			);
			defaultConfigurationIsVisible = 0;
			defaultConfigurationName = Release;
		};
		B721C984300293ED00C58487 /* Build configuration list for PBXNativeTarget "DineFlowUITests" */ = {
			isa = XCConfigurationList;
			buildConfigurations = (
				B721C985300293ED00C58487 /* Debug */,
				B721C986300293ED00C58487 /* Release */,
			);
			defaultConfigurationIsVisible = 0;
			defaultConfigurationName = Release;
		};
/* End XCConfigurationList section */
	};
	rootObject = B721C952300293EC00C58487 /* Project object */;
}
